PODS:
  - Alamofire (4.8.2)
  - CZPicker (0.4.3)
  - Firebase/Analytics (6.0.0):
    - Firebase/Core
  - Firebase/Core (6.0.0):
    - Firebase/CoreOnly
    - FirebaseAnalytics (= 6.0.0)
  - Firebase/CoreOnly (6.0.0):
    - FirebaseCore (= 6.0.0)
  - FirebaseAnalytics (6.0.0):
    - FirebaseCore (~> 6.0)
    - FirebaseInstanceID (~> 4.0)
    - GoogleAppMeasurement (= 6.0.0)
    - GoogleUtilities/AppDelegateSwizzler (~> 6.0)
    - GoogleUtilities/MethodSwizzler (~> 6.0)
    - GoogleUtilities/Network (~> 6.0)
    - GoogleUtilities/NSData+zlib (~> 6.0)
    - nanopb (~> 0.3)
  - FirebaseCore (6.0.0):
    - GoogleUtilities/Environment (~> 6.0)
    - GoogleUtilities/Logger (~> 6.0)
  - FirebaseInstanceID (4.0.0):
    - FirebaseCore (~> 6.0)
    - GoogleUtilities/Environment (~> 6.0)
    - GoogleUtilities/UserDefaults (~> 6.0)
  - GoogleAppMeasurement (6.0.0):
    - GoogleUtilities/AppDelegateSwizzler (~> 6.0)
    - GoogleUtilities/MethodSwizzler (~> 6.0)
    - GoogleUtilities/Network (~> 6.0)
    - GoogleUtilities/NSData+zlib (~> 6.0)
    - nanopb (~> 0.3)
  - GoogleUtilities/AppDelegateSwizzler (6.0.0):
    - GoogleUtilities/Environment
    - GoogleUtilities/Logger
    - GoogleUtilities/Network
  - GoogleUtilities/Environment (6.0.0)
  - GoogleUtilities/Logger (6.0.0):
    - GoogleUtilities/Environment
  - GoogleUtilities/MethodSwizzler (6.0.0):
    - GoogleUtilities/Logger
  - GoogleUtilities/Network (6.0.0):
    - GoogleUtilities/Logger
    - GoogleUtilities/NSData+zlib
    - GoogleUtilities/Reachability
  - GoogleUtilities/NSData+zlib (6.0.0)
  - GoogleUtilities/Reachability (6.0.0):
    - GoogleUtilities/Logger
  - GoogleUtilities/UserDefaults (6.0.0):
    - GoogleUtilities/Logger
  - Moya (10.0.2):
    - Moya/Core (= 10.0.2)
  - Moya/Core (10.0.2):
    - Alamofire (~> 4.1)
    - Result (~> 3.0)
  - nanopb (0.3.901):
    - nanopb/decode (= 0.3.901)
    - nanopb/encode (= 0.3.901)
  - nanopb/decode (0.3.901)
  - nanopb/encode (0.3.901)
  - Pulsator (0.5.3)
  - Repeat (0.5.7)
  - Result (3.2.4)
  - SnapKit (5.0.0)
  - Starscream (3.1.0)
  - SwiftyJSON (5.0.0)
  - ViewAnimator (2.5.1)

DEPENDENCIES:
  - CZPicker
  - Firebase/Analytics
  - Moya (~> 10.0)
  - Pulsator
  - Repeat
  - SnapKit
  - Starscream
  - SwiftyJSON
  - ViewAnimator

SPEC CHECKSUMS:
  Alamofire: ae5c501addb7afdbb13687d7f2f722c78734c2d3
  CZPicker: 55aa1751ea26e209814552da1a9a08cba8bbf72a
  Firebase: fa80b9d987ca014a1ba9357496ef2a0178b28b12
  FirebaseAnalytics: 1743c5f4de3687d0745709dfdc4b1dea1484f44c
  FirebaseCore: e38f025287b413255a53acc1945d048a112047f7
  FirebaseInstanceID: 0e0348a3c00a734fa376a070f5ad4533ad975cb5
  GoogleAppMeasurement: 7f028ea162b72c8f326daec74afc95d94f7a47d6
  GoogleUtilities: f1faafc033ea203adf1783ce00af455bb99d0e5b
  Moya: 2b0531a9fef318e0bc484030c3db1e6f279ccb66
  nanopb: 2901f78ea1b7b4015c860c2fdd1ea2fee1a18d48
  Pulsator: d58707c6827ec862cd89fd727424866795dabd24
  Repeat: 73c5ee602aed8f3c7bf1aa12d4cd0d3dc3edea0a
  Result: d2d07204ce72856f1fd9130bbe42c35a7b0fea10
  SnapKit: fd22d10eb9aff484d79a8724eab922c1ddf89bcf
  Starscream: 08172b481e145289c4930cb567230fb55897cfa4
  SwiftyJSON: 36413e04c44ee145039d332b4f4e2d3e8d6c4db7
  ViewAnimator: 173932c659a43c5a15c665878750d92801ae2cf1

PODFILE CHECKSUM: 06ccbed09036616bcb095b8cc0e4ddd34283cdce

COCOAPODS: 1.4.0
