PODS:
  - Alamofire (4.7.3)
  - Bolts (1.9.0):
    - Bolts/AppLinks (= 1.9.0)
    - Bolts/Tasks (= 1.9.0)
  - Bolts/AppLinks (1.9.0):
    - Bolts/Tasks
  - Bolts/Tasks (1.9.0)
  - CZPicker (0.4.3)
  - FacebookCore (0.5.0):
    - Bolts (~> 1.9)
    - FBSDKCoreKit (~> 4.37)
  - FacebookLogin (0.5.0):
    - Bolts (~> 1.9)
    - FacebookCore (~> 0.5)
    - FBSDKCoreKit (~> 4.37)
    - FBSDKLoginKit (~> 4.37)
  - FBSDKCoreKit (4.38.1):
    - Bolts (~> 1.9)
  - FBSDKLoginKit (4.38.1):
    - FBSDKCoreKit
  - Moya (10.0.2):
    - Moya/Core (= 10.0.2)
  - Moya/Core (10.0.2):
    - Alamofire (~> 4.1)
    - Result (~> 3.0)
  - Pulsator (0.5.1)
  - Repeat (0.5.7)
  - Result (3.2.4)
  - SnapKit (4.2.0)
  - Starscream (3.0.6)
  - SwiftyJSON (4.2.0)
  - ViewAnimator (2.2.0)

DEPENDENCIES:
  - CZPicker
  - FacebookLogin
  - Moya (~> 10.0)
  - Pulsator
  - Repeat
  - SnapKit
  - Starscream
  - SwiftyJSON
  - ViewAnimator

SPEC CHECKSUMS:
  Alamofire: c7287b6e5d7da964a70935e5db17046b7fde6568
  Bolts: ac6567323eac61e203f6a9763667d0f711be34c8
  CZPicker: 55aa1751ea26e209814552da1a9a08cba8bbf72a
  FacebookCore: 74288d0add931d361b1596beae787ab72c438249
  FacebookLogin: ebcf34714a1cb9f0759d9f071cfb01ed500996cf
  FBSDKCoreKit: 8d47857400e2f5bdea697a80daff882e91c84ef6
  FBSDKLoginKit: 4621c690d9dd8628031a4791497062183ea34b0d
  Moya: 2b0531a9fef318e0bc484030c3db1e6f279ccb66
  Pulsator: f465ca37212d826523fe8c79b07c1a4c1a941f5e
  Repeat: 73c5ee602aed8f3c7bf1aa12d4cd0d3dc3edea0a
  Result: d2d07204ce72856f1fd9130bbe42c35a7b0fea10
  SnapKit: fe8a619752f3f27075cc9a90244d75c6c3f27e2a
  Starscream: ef3ece99d765eeccb67de105bfa143f929026cf5
  SwiftyJSON: c4bcba26dd9ec7a027fc8eade48e2c911f229e96
  ViewAnimator: a849844cc3698620e1a562b510ed0c28aeafcdc5

PODFILE CHECKSUM: 93d482c250250d49a50492e4f15b4a6c4dc3ce24

COCOAPODS: 1.4.0
