// !$*UTF8*$!
{
	archiveVersion = 1;
	classes = {
	};
	objectVersion = 48;
	objects = {

/* Begin PBXBuildFile section */
		002244DC20B8C53000CBD1C2 /* StringExtensions.swift in Sources */ = {isa = PBXBuildFile; fileRef = 002244DB20B8C53000CBD1C2 /* StringExtensions.swift */; };
		0032C5D52272BC1900841169 /* ChatDetailsViewController.swift in Sources */ = {isa = PBXBuildFile; fileRef = 0032C5D42272BC1900841169 /* ChatDetailsViewController.swift */; };
		0058244F20BA106E0044CB88 /* Hours.swift in Sources */ = {isa = PBXBuildFile; fileRef = 0058244E20BA106E0044CB88 /* Hours.swift */; };
		00C207F7221BB422003965FE /* Date+Extension.swift in Sources */ = {isa = PBXBuildFile; fileRef = 00C207F6221BB422003965FE /* Date+Extension.swift */; };
		00C2DF0720B677040023CF75 /* User.swift in Sources */ = {isa = PBXBuildFile; fileRef = 00C2DF0620B677040023CF75 /* User.swift */; };
		00C2DF0920B678890023CF75 /* Moya.swift in Sources */ = {isa = PBXBuildFile; fileRef = 00C2DF0820B678890023CF75 /* Moya.swift */; };
		00C2DF0B20B678A00023CF75 /* UserAPI.swift in Sources */ = {isa = PBXBuildFile; fileRef = 00C2DF0A20B678A00023CF75 /* UserAPI.swift */; };
		00C2DF1120B6790D0023CF75 /* keys.swift in Sources */ = {isa = PBXBuildFile; fileRef = 00C2DF1020B6790D0023CF75 /* keys.swift */; };
		2A03D93E20B76529004EFC97 /* TimePickerViewController.swift in Sources */ = {isa = PBXBuildFile; fileRef = 2A03D93D20B76529004EFC97 /* TimePickerViewController.swift */; };
		2A03D94320B76C92004EFC97 /* PopupViewControllers.storyboard in Resources */ = {isa = PBXBuildFile; fileRef = 2A03D94220B76C91004EFC97 /* PopupViewControllers.storyboard */; };
		2A03D94620B77A1A004EFC97 /* TimePickerCollectionViewCell.swift in Sources */ = {isa = PBXBuildFile; fileRef = 2A03D94520B77A1A004EFC97 /* TimePickerCollectionViewCell.swift */; };
		2A03D94820B7AFA7004EFC97 /* HomeProfileStaticTableViewController.swift in Sources */ = {isa = PBXBuildFile; fileRef = 2A03D94720B7AFA7004EFC97 /* HomeProfileStaticTableViewController.swift */; };
		2A16F9A520BEA107008BA4E3 /* ComingSoonPopup.xib in Resources */ = {isa = PBXBuildFile; fileRef = 2A16F9A420BEA107008BA4E3 /* ComingSoonPopup.xib */; };
		2A16F9A720BEA204008BA4E3 /* ComingSoonPopup.swift in Sources */ = {isa = PBXBuildFile; fileRef = 2A16F9A620BEA204008BA4E3 /* ComingSoonPopup.swift */; };
		2A16F9A920C0B8CC008BA4E3 /* TimeFunctions.swift in Sources */ = {isa = PBXBuildFile; fileRef = 2A16F9A820C0B8CB008BA4E3 /* TimeFunctions.swift */; };
		2A62E49320BC99D2008075B0 /* Menu.storyboard in Resources */ = {isa = PBXBuildFile; fileRef = 2A62E49220BC99D2008075B0 /* Menu.storyboard */; };
		2A68339220BC2113000DCAA4 /* UIButtonSignUp.swift in Sources */ = {isa = PBXBuildFile; fileRef = 2A68339120BC2113000DCAA4 /* UIButtonSignUp.swift */; };
		2A744895203BBDBC00793AD3 /* MenuCardView.swift in Sources */ = {isa = PBXBuildFile; fileRef = 2A744894203BBDBC00793AD3 /* MenuCardView.swift */; };
		2A744897203BBEDA00793AD3 /* MenuCardView.xib in Resources */ = {isa = PBXBuildFile; fileRef = 2A744896203BBEDA00793AD3 /* MenuCardView.xib */; };
		2A9447802055FA3E0033B6C6 /* AllergensBarScrollView.swift in Sources */ = {isa = PBXBuildFile; fileRef = 2A94477F2055FA3E0033B6C6 /* AllergensBarScrollView.swift */; };
		2AB62E69204887820013CB59 /* Menu.swift in Sources */ = {isa = PBXBuildFile; fileRef = 2AB62E68204887820013CB59 /* Menu.swift */; };
		2AB62E6C20488A050013CB59 /* MenuAPI.swift in Sources */ = {isa = PBXBuildFile; fileRef = 2AB62E6B20488A050013CB59 /* MenuAPI.swift */; };
		2AB62E6E2048D16B0013CB59 /* API.swift in Sources */ = {isa = PBXBuildFile; fileRef = 2AB62E6D2048D16B0013CB59 /* API.swift */; };
		2AB62E702048D21D0013CB59 /* ActivityLevel.swift in Sources */ = {isa = PBXBuildFile; fileRef = 2AB62E6F2048D21D0013CB59 /* ActivityLevel.swift */; };
		2AD1509320BB2C780043B9C8 /* AllergensBarContentView.swift in Sources */ = {isa = PBXBuildFile; fileRef = 2AD1509220BB2C770043B9C8 /* AllergensBarContentView.swift */; };
		2AFA409720BBD7A00007FB85 /* NotificationService.swift in Sources */ = {isa = PBXBuildFile; fileRef = 2AFA409620BBD7A00007FB85 /* NotificationService.swift */; };
		2AFA409B20BBD7A00007FB85 /* NotificationService.appex in Embed App Extensions */ = {isa = PBXBuildFile; fileRef = 2AFA409420BBD7A00007FB85 /* NotificationService.appex */; settings = {ATTRIBUTES = (RemoveHeadersOnCopy, ); }; };
		2AFA40AF20BC07AD0007FB85 /* NoMatchViewController.swift in Sources */ = {isa = PBXBuildFile; fileRef = 2AFA40AB20BC07AD0007FB85 /* NoMatchViewController.swift */; };
		2AFA40B020BC07AD0007FB85 /* CancelMatchViewController.swift in Sources */ = {isa = PBXBuildFile; fileRef = 2AFA40AC20BC07AD0007FB85 /* CancelMatchViewController.swift */; };
		2AFA40B120BC07AD0007FB85 /* MatchFoundViewController.swift in Sources */ = {isa = PBXBuildFile; fileRef = 2AFA40AD20BC07AD0007FB85 /* MatchFoundViewController.swift */; };
		2AFA40B220BC07AD0007FB85 /* SearchingScreenViewController.swift in Sources */ = {isa = PBXBuildFile; fileRef = 2AFA40AE20BC07AD0007FB85 /* SearchingScreenViewController.swift */; };
		2AFA40B520BC08200007FB85 /* Matching.storyboard in Resources */ = {isa = PBXBuildFile; fileRef = 2AFA40B420BC08200007FB85 /* Matching.storyboard */; };
		2AFB41332047DD86004025F9 /* ItemDetailViewController.swift in Sources */ = {isa = PBXBuildFile; fileRef = 2AFB41322047DD86004025F9 /* ItemDetailViewController.swift */; };
		2AFB41372047F0F2004025F9 /* MenuCardCollectionViewCell.swift in Sources */ = {isa = PBXBuildFile; fileRef = 2AFB41362047F0F2004025F9 /* MenuCardCollectionViewCell.swift */; };
		2B952C67202BDBB200F27727 /* WeekView.swift in Sources */ = {isa = PBXBuildFile; fileRef = 2B952C66202BDBB200F27727 /* WeekView.swift */; };
		770251B4201D4079002E4515 /* AppDelegate.swift in Sources */ = {isa = PBXBuildFile; fileRef = 770251B3201D4079002E4515 /* AppDelegate.swift */; };
		770251B6201D4079002E4515 /* MenuVC.swift in Sources */ = {isa = PBXBuildFile; fileRef = 770251B5201D4079002E4515 /* MenuVC.swift */; };
		770251BB201D4079002E4515 /* Main.storyboard in Resources */ = {isa = PBXBuildFile; fileRef = 770251B9201D4079002E4515 /* Main.storyboard */; };
		770251BD201D4079002E4515 /* Assets.xcassets in Resources */ = {isa = PBXBuildFile; fileRef = 770251BC201D4079002E4515 /* Assets.xcassets */; };
		770251C0201D4079002E4515 /* LaunchScreen.storyboard in Resources */ = {isa = PBXBuildFile; fileRef = 770251BE201D4079002E4515 /* LaunchScreen.storyboard */; };
		770251E4201D4182002E4515 /* Moya_Service.swift in Sources */ = {isa = PBXBuildFile; fileRef = 770251E3201D4182002E4515 /* Moya_Service.swift */; };
		770CDEAE20266B0800658925 /* ColoredCircle.swift in Sources */ = {isa = PBXBuildFile; fileRef = 770CDEAD20266B0800658925 /* ColoredCircle.swift */; };
		770CDEB020266B6000658925 /* ActivityLevelBar.swift in Sources */ = {isa = PBXBuildFile; fileRef = 770CDEAF20266B6000658925 /* ActivityLevelBar.swift */; };
		77949970203BD10500F3B0ED /* AllergyFilterButton.swift in Sources */ = {isa = PBXBuildFile; fileRef = 7794996F203BD10400F3B0ED /* AllergyFilterButton.swift */; };
		77949972203BD12B00F3B0ED /* Extensions.swift in Sources */ = {isa = PBXBuildFile; fileRef = 77949971203BD12B00F3B0ED /* Extensions.swift */; };
		9C91B493798C96CEA3BC0AA4 /* Pods_Bruin_Bite.framework in Frameworks */ = {isa = PBXBuildFile; fileRef = D31D0C9107AF44D73AA341C1 /* Pods_Bruin_Bite.framework */; };
		BD392821215C3638007FD4AD /* BBStoryboard.swift in Sources */ = {isa = PBXBuildFile; fileRef = BD392820215C3638007FD4AD /* BBStoryboard.swift */; };
		BD78709921AD352100E46A50 /* UserDefaultsManager.swift in Sources */ = {isa = PBXBuildFile; fileRef = BD78709821AD352100E46A50 /* UserDefaultsManager.swift */; };
		BD7870A621B6793A00E46A50 /* PresentAlert.swift in Sources */ = {isa = PBXBuildFile; fileRef = BD7870A521B6793A00E46A50 /* PresentAlert.swift */; };
		BD7870A821B6854900E46A50 /* AutoLoginViewController.swift in Sources */ = {isa = PBXBuildFile; fileRef = BD7870A721B6854900E46A50 /* AutoLoginViewController.swift */; };
		BD95987D226E6A60000934BF /* LoginAlertPresentable.swift in Sources */ = {isa = PBXBuildFile; fileRef = BD95987C226E6A60000934BF /* LoginAlertPresentable.swift */; };
		BDAED25D219FD598005A22F3 /* UserManager.swift in Sources */ = {isa = PBXBuildFile; fileRef = BDAED25C219FD598005A22F3 /* UserManager.swift */; };
		BDAED25F219FD601005A22F3 /* UserModel.swift in Sources */ = {isa = PBXBuildFile; fileRef = BDAED25E219FD601005A22F3 /* UserModel.swift */; };
		BDDE7C6E207AF6840008A677 /* LoginViewController.swift in Sources */ = {isa = PBXBuildFile; fileRef = BDDE7C6D207AF6840008A677 /* LoginViewController.swift */; };
		BDDE7C70207B04590008A677 /* MatchingListViewController.swift in Sources */ = {isa = PBXBuildFile; fileRef = BDDE7C6F207B04590008A677 /* MatchingListViewController.swift */; };
		BDDE7C72207B04D00008A677 /* UserTableViewCell.swift in Sources */ = {isa = PBXBuildFile; fileRef = BDDE7C71207B04D00008A677 /* UserTableViewCell.swift */; };
		BF0523E1209AA7DC0013EE11 /* PreferenceViewController.swift in Sources */ = {isa = PBXBuildFile; fileRef = BF0523E0209AA7DB0013EE11 /* PreferenceViewController.swift */; };
		BF0523E3209AA7E00013EE11 /* ProfileViewController.swift in Sources */ = {isa = PBXBuildFile; fileRef = BF0523E2209AA7E00013EE11 /* ProfileViewController.swift */; };
		BF0943E020BBF1EB00214200 /* ChatScreenViewController.swift in Sources */ = {isa = PBXBuildFile; fileRef = BF0943DF20BBF1EB00214200 /* ChatScreenViewController.swift */; };
		BF0943E220BBF3EE00214200 /* ChatMessage.swift in Sources */ = {isa = PBXBuildFile; fileRef = BF0943E120BBF3EE00214200 /* ChatMessage.swift */; };
		BF0943E420BBFEEF00214200 /* ChatAPI.swift in Sources */ = {isa = PBXBuildFile; fileRef = BF0943E320BBFEEF00214200 /* ChatAPI.swift */; };
		BF0943E620BC20FE00214200 /* UIViewControllerExtensions.swift in Sources */ = {isa = PBXBuildFile; fileRef = BF0943E520BC20FE00214200 /* UIViewControllerExtensions.swift */; };
		BF5D97E220B973570086D451 /* Chat.storyboard in Resources */ = {isa = PBXBuildFile; fileRef = BF5D97E120B973570086D451 /* Chat.storyboard */; };
		BF5D97E420B974F60086D451 /* ChatListViewController.swift in Sources */ = {isa = PBXBuildFile; fileRef = BF5D97E320B974F60086D451 /* ChatListViewController.swift */; };
		BFC934B320C3448A0040D08D /* ChatListAPI.swift in Sources */ = {isa = PBXBuildFile; fileRef = BFC934B220C3448A0040D08D /* ChatListAPI.swift */; };
		BFE168A3209AB8DD00D021A2 /* CollectionViewController.swift in Sources */ = {isa = PBXBuildFile; fileRef = BFE168A2209AB8DD00D021A2 /* CollectionViewController.swift */; };
		C0AD0D34204B4EA9008E1206 /* TopBar.swift in Sources */ = {isa = PBXBuildFile; fileRef = C0AD0D33204B4EA9008E1206 /* TopBar.swift */; };
		C0CD676A203C15CC006B265D /* TimeView.swift in Sources */ = {isa = PBXBuildFile; fileRef = C0CD6769203C15CC006B265D /* TimeView.swift */; };
		C0CD676C203C1B19006B265D /* ColoredBezel.swift in Sources */ = {isa = PBXBuildFile; fileRef = C0CD676B203C1B19006B265D /* ColoredBezel.swift */; };
		C7F24355C1F5930CCD314312 /* UIViewBorder.swift in Sources */ = {isa = PBXBuildFile; fileRef = C7F96FCA50FBF094C1704FD1 /* UIViewBorder.swift */; };
		DC5FC98420B788C400DFCCC7 /* Profile.storyboard in Resources */ = {isa = PBXBuildFile; fileRef = DC5FC98220B788C400DFCCC7 /* Profile.storyboard */; };
		DCF0E2DC20B260510036A32F /* UIColor+Additions.swift in Sources */ = {isa = PBXBuildFile; fileRef = DCF0E2DB20B260510036A32F /* UIColor+Additions.swift */; };
		DCF0E2DE20B260680036A32F /* UIFont+Additions.swift in Sources */ = {isa = PBXBuildFile; fileRef = DCF0E2DD20B260680036A32F /* UIFont+Additions.swift */; };
		DCF0E2E020B2608B0036A32F /* CreateProfileViewController.swift in Sources */ = {isa = PBXBuildFile; fileRef = DCF0E2DF20B2608B0036A32F /* CreateProfileViewController.swift */; };
		DCF0E2E220B260A90036A32F /* CreateProfilePt2ViewController.swift in Sources */ = {isa = PBXBuildFile; fileRef = DCF0E2E120B260A90036A32F /* CreateProfilePt2ViewController.swift */; };
		DCF0E2E420B260BA0036A32F /* SignUpViewController.swift in Sources */ = {isa = PBXBuildFile; fileRef = DCF0E2E320B260BA0036A32F /* SignUpViewController.swift */; };
		DCF0E2E620B260CC0036A32F /* SignInViewController.swift in Sources */ = {isa = PBXBuildFile; fileRef = DCF0E2E520B260CC0036A32F /* SignInViewController.swift */; };
		FCA7A0E1218795370096E821 /* Login.storyboard in Resources */ = {isa = PBXBuildFile; fileRef = FCA7A0E0218795370096E821 /* Login.storyboard */; };
		FCA7A0F62190E0040096E821 /* Utilities.swift in Sources */ = {isa = PBXBuildFile; fileRef = FCA7A0F52190E0030096E821 /* Utilities.swift */; };
/* End PBXBuildFile section */

/* Begin PBXContainerItemProxy section */
		2AFA409920BBD7A00007FB85 /* PBXContainerItemProxy */ = {
			isa = PBXContainerItemProxy;
			containerPortal = 770251A8201D4079002E4515 /* Project object */;
			proxyType = 1;
			remoteGlobalIDString = 2AFA409320BBD7A00007FB85;
			remoteInfo = NotificationService;
		};
/* End PBXContainerItemProxy section */

/* Begin PBXCopyFilesBuildPhase section */
		2AFA409F20BBD7A00007FB85 /* Embed App Extensions */ = {
			isa = PBXCopyFilesBuildPhase;
			buildActionMask = 2147483647;
			dstPath = "";
			dstSubfolderSpec = 13;
			files = (
				2AFA409B20BBD7A00007FB85 /* NotificationService.appex in Embed App Extensions */,
			);
			name = "Embed App Extensions";
			runOnlyForDeploymentPostprocessing = 0;
		};
/* End PBXCopyFilesBuildPhase section */

/* Begin PBXFileReference section */
		002244DB20B8C53000CBD1C2 /* StringExtensions.swift */ = {isa = PBXFileReference; lastKnownFileType = sourcecode.swift; path = StringExtensions.swift; sourceTree = "<group>"; };
		0032C5D42272BC1900841169 /* ChatDetailsViewController.swift */ = {isa = PBXFileReference; lastKnownFileType = sourcecode.swift; path = ChatDetailsViewController.swift; sourceTree = "<group>"; };
		0058244E20BA106E0044CB88 /* Hours.swift */ = {isa = PBXFileReference; fileEncoding = 4; lastKnownFileType = sourcecode.swift; path = Hours.swift; sourceTree = "<group>"; };
		00C207F6221BB422003965FE /* Date+Extension.swift */ = {isa = PBXFileReference; lastKnownFileType = sourcecode.swift; path = "Date+Extension.swift"; sourceTree = "<group>"; };
		00C2DF0620B677040023CF75 /* User.swift */ = {isa = PBXFileReference; lastKnownFileType = sourcecode.swift; path = User.swift; sourceTree = "<group>"; };
		00C2DF0820B678890023CF75 /* Moya.swift */ = {isa = PBXFileReference; lastKnownFileType = sourcecode.swift; path = Moya.swift; sourceTree = "<group>"; };
		00C2DF0A20B678A00023CF75 /* UserAPI.swift */ = {isa = PBXFileReference; lastKnownFileType = sourcecode.swift; path = UserAPI.swift; sourceTree = "<group>"; };
		00C2DF1020B6790D0023CF75 /* keys.swift */ = {isa = PBXFileReference; lastKnownFileType = sourcecode.swift; path = keys.swift; sourceTree = "<group>"; };
		0934E0A890547BC163C95F6D /* Pods-Bruin BiteUITests.debug.xcconfig */ = {isa = PBXFileReference; includeInIndex = 1; lastKnownFileType = text.xcconfig; name = "Pods-Bruin BiteUITests.debug.xcconfig"; path = "Pods/Target Support Files/Pods-Bruin BiteUITests/Pods-Bruin BiteUITests.debug.xcconfig"; sourceTree = "<group>"; };
		2297A93A4C0BCDCDA33D889F /* Pods-Bruin BiteTests.release.xcconfig */ = {isa = PBXFileReference; includeInIndex = 1; lastKnownFileType = text.xcconfig; name = "Pods-Bruin BiteTests.release.xcconfig"; path = "Pods/Target Support Files/Pods-Bruin BiteTests/Pods-Bruin BiteTests.release.xcconfig"; sourceTree = "<group>"; };
		2A03D93D20B76529004EFC97 /* TimePickerViewController.swift */ = {isa = PBXFileReference; lastKnownFileType = sourcecode.swift; path = TimePickerViewController.swift; sourceTree = "<group>"; };
		2A03D94220B76C91004EFC97 /* PopupViewControllers.storyboard */ = {isa = PBXFileReference; fileEncoding = 4; lastKnownFileType = file.storyboard; path = PopupViewControllers.storyboard; sourceTree = "<group>"; };
		2A03D94520B77A1A004EFC97 /* TimePickerCollectionViewCell.swift */ = {isa = PBXFileReference; lastKnownFileType = sourcecode.swift; path = TimePickerCollectionViewCell.swift; sourceTree = "<group>"; };
		2A03D94720B7AFA7004EFC97 /* HomeProfileStaticTableViewController.swift */ = {isa = PBXFileReference; lastKnownFileType = sourcecode.swift; path = HomeProfileStaticTableViewController.swift; sourceTree = "<group>"; };
		2A16F9A420BEA107008BA4E3 /* ComingSoonPopup.xib */ = {isa = PBXFileReference; lastKnownFileType = file.xib; path = ComingSoonPopup.xib; sourceTree = "<group>"; };
		2A16F9A620BEA204008BA4E3 /* ComingSoonPopup.swift */ = {isa = PBXFileReference; lastKnownFileType = sourcecode.swift; path = ComingSoonPopup.swift; sourceTree = "<group>"; };
		2A16F9A820C0B8CB008BA4E3 /* TimeFunctions.swift */ = {isa = PBXFileReference; fileEncoding = 4; lastKnownFileType = sourcecode.swift; path = TimeFunctions.swift; sourceTree = "<group>"; };
		2A62E49220BC99D2008075B0 /* Menu.storyboard */ = {isa = PBXFileReference; fileEncoding = 4; lastKnownFileType = file.storyboard; path = Menu.storyboard; sourceTree = "<group>"; };
		2A68339120BC2113000DCAA4 /* UIButtonSignUp.swift */ = {isa = PBXFileReference; lastKnownFileType = sourcecode.swift; path = UIButtonSignUp.swift; sourceTree = "<group>"; };
		2A744894203BBDBC00793AD3 /* MenuCardView.swift */ = {isa = PBXFileReference; lastKnownFileType = sourcecode.swift; path = MenuCardView.swift; sourceTree = "<group>"; };
		2A744896203BBEDA00793AD3 /* MenuCardView.xib */ = {isa = PBXFileReference; lastKnownFileType = file.xib; path = MenuCardView.xib; sourceTree = "<group>"; };
		2A94477F2055FA3E0033B6C6 /* AllergensBarScrollView.swift */ = {isa = PBXFileReference; lastKnownFileType = sourcecode.swift; path = AllergensBarScrollView.swift; sourceTree = "<group>"; };
		2AB62E68204887820013CB59 /* Menu.swift */ = {isa = PBXFileReference; fileEncoding = 4; lastKnownFileType = sourcecode.swift; path = Menu.swift; sourceTree = "<group>"; };
		2AB62E6B20488A050013CB59 /* MenuAPI.swift */ = {isa = PBXFileReference; lastKnownFileType = sourcecode.swift; path = MenuAPI.swift; sourceTree = "<group>"; };
		2AB62E6D2048D16B0013CB59 /* API.swift */ = {isa = PBXFileReference; lastKnownFileType = sourcecode.swift; path = API.swift; sourceTree = "<group>"; };
		2AB62E6F2048D21D0013CB59 /* ActivityLevel.swift */ = {isa = PBXFileReference; lastKnownFileType = sourcecode.swift; path = ActivityLevel.swift; sourceTree = "<group>"; };
		2AD1509220BB2C770043B9C8 /* AllergensBarContentView.swift */ = {isa = PBXFileReference; fileEncoding = 4; lastKnownFileType = sourcecode.swift; path = AllergensBarContentView.swift; sourceTree = "<group>"; };
		2AFA409420BBD7A00007FB85 /* NotificationService.appex */ = {isa = PBXFileReference; explicitFileType = "wrapper.app-extension"; includeInIndex = 0; path = NotificationService.appex; sourceTree = BUILT_PRODUCTS_DIR; };
		2AFA409620BBD7A00007FB85 /* NotificationService.swift */ = {isa = PBXFileReference; lastKnownFileType = sourcecode.swift; path = NotificationService.swift; sourceTree = "<group>"; };
		2AFA409820BBD7A00007FB85 /* Info.plist */ = {isa = PBXFileReference; lastKnownFileType = text.plist.xml; path = Info.plist; sourceTree = "<group>"; };
		2AFA40AB20BC07AD0007FB85 /* NoMatchViewController.swift */ = {isa = PBXFileReference; fileEncoding = 4; lastKnownFileType = sourcecode.swift; path = NoMatchViewController.swift; sourceTree = "<group>"; };
		2AFA40AC20BC07AD0007FB85 /* CancelMatchViewController.swift */ = {isa = PBXFileReference; fileEncoding = 4; lastKnownFileType = sourcecode.swift; path = CancelMatchViewController.swift; sourceTree = "<group>"; };
		2AFA40AD20BC07AD0007FB85 /* MatchFoundViewController.swift */ = {isa = PBXFileReference; fileEncoding = 4; lastKnownFileType = sourcecode.swift; path = MatchFoundViewController.swift; sourceTree = "<group>"; };
		2AFA40AE20BC07AD0007FB85 /* SearchingScreenViewController.swift */ = {isa = PBXFileReference; fileEncoding = 4; lastKnownFileType = sourcecode.swift; path = SearchingScreenViewController.swift; sourceTree = "<group>"; };
		2AFA40B420BC08200007FB85 /* Matching.storyboard */ = {isa = PBXFileReference; fileEncoding = 4; lastKnownFileType = file.storyboard; path = Matching.storyboard; sourceTree = "<group>"; };
		2AFB41322047DD86004025F9 /* ItemDetailViewController.swift */ = {isa = PBXFileReference; lastKnownFileType = sourcecode.swift; path = ItemDetailViewController.swift; sourceTree = "<group>"; };
		2AFB41362047F0F2004025F9 /* MenuCardCollectionViewCell.swift */ = {isa = PBXFileReference; fileEncoding = 4; lastKnownFileType = sourcecode.swift; path = MenuCardCollectionViewCell.swift; sourceTree = "<group>"; };
		2B952C66202BDBB200F27727 /* WeekView.swift */ = {isa = PBXFileReference; lastKnownFileType = sourcecode.swift; path = WeekView.swift; sourceTree = "<group>"; };
		5501BD2F8F60C3BBB00E20F6 /* Pods-Bruin Bite.release.xcconfig */ = {isa = PBXFileReference; includeInIndex = 1; lastKnownFileType = text.xcconfig; name = "Pods-Bruin Bite.release.xcconfig"; path = "Pods/Target Support Files/Pods-Bruin Bite/Pods-Bruin Bite.release.xcconfig"; sourceTree = "<group>"; };
		72949D574D1FB4DE5AE9AB25 /* Pods-Bruin BiteTests.debug.xcconfig */ = {isa = PBXFileReference; includeInIndex = 1; lastKnownFileType = text.xcconfig; name = "Pods-Bruin BiteTests.debug.xcconfig"; path = "Pods/Target Support Files/Pods-Bruin BiteTests/Pods-Bruin BiteTests.debug.xcconfig"; sourceTree = "<group>"; };
		770251B0201D4079002E4515 /* Bruin Bite.app */ = {isa = PBXFileReference; explicitFileType = wrapper.application; includeInIndex = 0; path = "Bruin Bite.app"; sourceTree = BUILT_PRODUCTS_DIR; };
		770251B3201D4079002E4515 /* AppDelegate.swift */ = {isa = PBXFileReference; lastKnownFileType = sourcecode.swift; path = AppDelegate.swift; sourceTree = "<group>"; };
		770251B5201D4079002E4515 /* MenuVC.swift */ = {isa = PBXFileReference; lastKnownFileType = sourcecode.swift; path = MenuVC.swift; sourceTree = "<group>"; };
		770251BA201D4079002E4515 /* Base */ = {isa = PBXFileReference; lastKnownFileType = file.storyboard; name = Base; path = Base.lproj/Main.storyboard; sourceTree = "<group>"; };
		770251BC201D4079002E4515 /* Assets.xcassets */ = {isa = PBXFileReference; lastKnownFileType = folder.assetcatalog; path = Assets.xcassets; sourceTree = "<group>"; };
		770251BF201D4079002E4515 /* Base */ = {isa = PBXFileReference; lastKnownFileType = file.storyboard; name = Base; path = Base.lproj/LaunchScreen.storyboard; sourceTree = "<group>"; };
		770251C1201D4079002E4515 /* Info.plist */ = {isa = PBXFileReference; lastKnownFileType = text.plist.xml; path = Info.plist; sourceTree = "<group>"; };
		770251E3201D4182002E4515 /* Moya_Service.swift */ = {isa = PBXFileReference; lastKnownFileType = sourcecode.swift; path = Moya_Service.swift; sourceTree = "<group>"; };
		770CDEAD20266B0800658925 /* ColoredCircle.swift */ = {isa = PBXFileReference; fileEncoding = 4; lastKnownFileType = sourcecode.swift; path = ColoredCircle.swift; sourceTree = "<group>"; };
		770CDEAF20266B6000658925 /* ActivityLevelBar.swift */ = {isa = PBXFileReference; fileEncoding = 4; lastKnownFileType = sourcecode.swift; path = ActivityLevelBar.swift; sourceTree = "<group>"; };
		7794996F203BD10400F3B0ED /* AllergyFilterButton.swift */ = {isa = PBXFileReference; fileEncoding = 4; lastKnownFileType = sourcecode.swift; path = AllergyFilterButton.swift; sourceTree = "<group>"; };
		77949971203BD12B00F3B0ED /* Extensions.swift */ = {isa = PBXFileReference; fileEncoding = 4; lastKnownFileType = sourcecode.swift; path = Extensions.swift; sourceTree = "<group>"; };
		BD392820215C3638007FD4AD /* BBStoryboard.swift */ = {isa = PBXFileReference; lastKnownFileType = sourcecode.swift; path = BBStoryboard.swift; sourceTree = "<group>"; };
		BD78709821AD352100E46A50 /* UserDefaultsManager.swift */ = {isa = PBXFileReference; lastKnownFileType = sourcecode.swift; path = UserDefaultsManager.swift; sourceTree = "<group>"; };
		BD7870A521B6793A00E46A50 /* PresentAlert.swift */ = {isa = PBXFileReference; lastKnownFileType = sourcecode.swift; path = PresentAlert.swift; sourceTree = "<group>"; };
		BD7870A721B6854900E46A50 /* AutoLoginViewController.swift */ = {isa = PBXFileReference; lastKnownFileType = sourcecode.swift; path = AutoLoginViewController.swift; sourceTree = "<group>"; };
		BD95987C226E6A60000934BF /* LoginAlertPresentable.swift */ = {isa = PBXFileReference; lastKnownFileType = sourcecode.swift; path = LoginAlertPresentable.swift; sourceTree = "<group>"; };
		BDAED25C219FD598005A22F3 /* UserManager.swift */ = {isa = PBXFileReference; lastKnownFileType = sourcecode.swift; path = UserManager.swift; sourceTree = "<group>"; };
		BDAED25E219FD601005A22F3 /* UserModel.swift */ = {isa = PBXFileReference; lastKnownFileType = sourcecode.swift; path = UserModel.swift; sourceTree = "<group>"; };
		BDDE7C6D207AF6840008A677 /* LoginViewController.swift */ = {isa = PBXFileReference; lastKnownFileType = sourcecode.swift; path = LoginViewController.swift; sourceTree = "<group>"; };
		BDDE7C6F207B04590008A677 /* MatchingListViewController.swift */ = {isa = PBXFileReference; lastKnownFileType = sourcecode.swift; path = MatchingListViewController.swift; sourceTree = "<group>"; };
		BDDE7C71207B04D00008A677 /* UserTableViewCell.swift */ = {isa = PBXFileReference; lastKnownFileType = sourcecode.swift; path = UserTableViewCell.swift; sourceTree = "<group>"; };
		BF0523E0209AA7DB0013EE11 /* PreferenceViewController.swift */ = {isa = PBXFileReference; fileEncoding = 4; lastKnownFileType = sourcecode.swift; path = PreferenceViewController.swift; sourceTree = "<group>"; };
		BF0523E2209AA7E00013EE11 /* ProfileViewController.swift */ = {isa = PBXFileReference; fileEncoding = 4; lastKnownFileType = sourcecode.swift; path = ProfileViewController.swift; sourceTree = "<group>"; };
		BF0943DF20BBF1EB00214200 /* ChatScreenViewController.swift */ = {isa = PBXFileReference; lastKnownFileType = sourcecode.swift; path = ChatScreenViewController.swift; sourceTree = "<group>"; };
		BF0943E120BBF3EE00214200 /* ChatMessage.swift */ = {isa = PBXFileReference; lastKnownFileType = sourcecode.swift; path = ChatMessage.swift; sourceTree = "<group>"; };
		BF0943E320BBFEEF00214200 /* ChatAPI.swift */ = {isa = PBXFileReference; lastKnownFileType = sourcecode.swift; path = ChatAPI.swift; sourceTree = "<group>"; };
		BF0943E520BC20FE00214200 /* UIViewControllerExtensions.swift */ = {isa = PBXFileReference; lastKnownFileType = sourcecode.swift; path = UIViewControllerExtensions.swift; sourceTree = "<group>"; };
		BF5D97E120B973570086D451 /* Chat.storyboard */ = {isa = PBXFileReference; lastKnownFileType = file.storyboard; path = Chat.storyboard; sourceTree = "<group>"; };
		BF5D97E320B974F60086D451 /* ChatListViewController.swift */ = {isa = PBXFileReference; lastKnownFileType = sourcecode.swift; path = ChatListViewController.swift; sourceTree = "<group>"; };
		BFC934B220C3448A0040D08D /* ChatListAPI.swift */ = {isa = PBXFileReference; lastKnownFileType = sourcecode.swift; path = ChatListAPI.swift; sourceTree = "<group>"; };
		BFE168A2209AB8DD00D021A2 /* CollectionViewController.swift */ = {isa = PBXFileReference; lastKnownFileType = sourcecode.swift; path = CollectionViewController.swift; sourceTree = "<group>"; };
		C0AD0D33204B4EA9008E1206 /* TopBar.swift */ = {isa = PBXFileReference; lastKnownFileType = sourcecode.swift; path = TopBar.swift; sourceTree = "<group>"; };
		C0CD6769203C15CC006B265D /* TimeView.swift */ = {isa = PBXFileReference; lastKnownFileType = sourcecode.swift; path = TimeView.swift; sourceTree = "<group>"; };
		C0CD676B203C1B19006B265D /* ColoredBezel.swift */ = {isa = PBXFileReference; lastKnownFileType = sourcecode.swift; path = ColoredBezel.swift; sourceTree = "<group>"; };
		C7F96FCA50FBF094C1704FD1 /* UIViewBorder.swift */ = {isa = PBXFileReference; fileEncoding = 4; lastKnownFileType = sourcecode.swift; path = UIViewBorder.swift; sourceTree = "<group>"; };
		CC9C8F47B5A0B8DB48A43377 /* Pods-Bruin BiteUITests.release.xcconfig */ = {isa = PBXFileReference; includeInIndex = 1; lastKnownFileType = text.xcconfig; name = "Pods-Bruin BiteUITests.release.xcconfig"; path = "Pods/Target Support Files/Pods-Bruin BiteUITests/Pods-Bruin BiteUITests.release.xcconfig"; sourceTree = "<group>"; };
		D31D0C9107AF44D73AA341C1 /* Pods_Bruin_Bite.framework */ = {isa = PBXFileReference; explicitFileType = wrapper.framework; includeInIndex = 0; path = Pods_Bruin_Bite.framework; sourceTree = BUILT_PRODUCTS_DIR; };
		DC5FC98320B788C400DFCCC7 /* Base */ = {isa = PBXFileReference; lastKnownFileType = file.storyboard; name = Base; path = "Dont Eat Alone/Base.lproj/Profile.storyboard"; sourceTree = "<group>"; };
		DCF0E2DB20B260510036A32F /* UIColor+Additions.swift */ = {isa = PBXFileReference; lastKnownFileType = sourcecode.swift; path = "UIColor+Additions.swift"; sourceTree = "<group>"; };
		DCF0E2DD20B260680036A32F /* UIFont+Additions.swift */ = {isa = PBXFileReference; lastKnownFileType = sourcecode.swift; path = "UIFont+Additions.swift"; sourceTree = "<group>"; };
		DCF0E2DF20B2608B0036A32F /* CreateProfileViewController.swift */ = {isa = PBXFileReference; lastKnownFileType = sourcecode.swift; path = CreateProfileViewController.swift; sourceTree = "<group>"; };
		DCF0E2E120B260A90036A32F /* CreateProfilePt2ViewController.swift */ = {isa = PBXFileReference; lastKnownFileType = sourcecode.swift; path = CreateProfilePt2ViewController.swift; sourceTree = "<group>"; };
		DCF0E2E320B260BA0036A32F /* SignUpViewController.swift */ = {isa = PBXFileReference; lastKnownFileType = sourcecode.swift; path = SignUpViewController.swift; sourceTree = "<group>"; };
		DCF0E2E520B260CC0036A32F /* SignInViewController.swift */ = {isa = PBXFileReference; lastKnownFileType = sourcecode.swift; path = SignInViewController.swift; sourceTree = "<group>"; };
		FCA7A0E0218795370096E821 /* Login.storyboard */ = {isa = PBXFileReference; lastKnownFileType = file.storyboard; path = Login.storyboard; sourceTree = "<group>"; };
		FCA7A0F52190E0030096E821 /* Utilities.swift */ = {isa = PBXFileReference; lastKnownFileType = sourcecode.swift; path = Utilities.swift; sourceTree = "<group>"; };
		FDC82735AAF52033CD40ACDF /* Pods-Bruin Bite.debug.xcconfig */ = {isa = PBXFileReference; includeInIndex = 1; lastKnownFileType = text.xcconfig; name = "Pods-Bruin Bite.debug.xcconfig"; path = "Pods/Target Support Files/Pods-Bruin Bite/Pods-Bruin Bite.debug.xcconfig"; sourceTree = "<group>"; };
/* End PBXFileReference section */

/* Begin PBXFrameworksBuildPhase section */
		2AFA409120BBD7A00007FB85 /* Frameworks */ = {
			isa = PBXFrameworksBuildPhase;
			buildActionMask = 2147483647;
			files = (
			);
			runOnlyForDeploymentPostprocessing = 0;
		};
		770251AD201D4079002E4515 /* Frameworks */ = {
			isa = PBXFrameworksBuildPhase;
			buildActionMask = 2147483647;
			files = (
				9C91B493798C96CEA3BC0AA4 /* Pods_Bruin_Bite.framework in Frameworks */,
			);
			runOnlyForDeploymentPostprocessing = 0;
		};
/* End PBXFrameworksBuildPhase section */

/* Begin PBXGroup section */
		1C5B3B524C187B41721DC5CD /* Pods */ = {
			isa = PBXGroup;
			children = (
				FDC82735AAF52033CD40ACDF /* Pods-Bruin Bite.debug.xcconfig */,
				5501BD2F8F60C3BBB00E20F6 /* Pods-Bruin Bite.release.xcconfig */,
				72949D574D1FB4DE5AE9AB25 /* Pods-Bruin BiteTests.debug.xcconfig */,
				2297A93A4C0BCDCDA33D889F /* Pods-Bruin BiteTests.release.xcconfig */,
				0934E0A890547BC163C95F6D /* Pods-Bruin BiteUITests.debug.xcconfig */,
				CC9C8F47B5A0B8DB48A43377 /* Pods-Bruin BiteUITests.release.xcconfig */,
			);
			name = Pods;
			sourceTree = "<group>";
		};
		2A03D94020B76B88004EFC97 /* PopupViewControllers */ = {
			isa = PBXGroup;
			children = (
				2A03D93D20B76529004EFC97 /* TimePickerViewController.swift */,
			);
			path = PopupViewControllers;
			sourceTree = "<group>";
		};
		2A03D94420B779EB004EFC97 /* CollectionViewCells */ = {
			isa = PBXGroup;
			children = (
				2A03D94520B77A1A004EFC97 /* TimePickerCollectionViewCell.swift */,
			);
			path = CollectionViewCells;
			sourceTree = "<group>";
		};
		2A744891203B8E9F00793AD3 /* Models */ = {
			isa = PBXGroup;
			children = (
				2AB62E68204887820013CB59 /* Menu.swift */,
				BDAED25E219FD601005A22F3 /* UserModel.swift */,
				2AB62E6F2048D21D0013CB59 /* ActivityLevel.swift */,
				0058244E20BA106E0044CB88 /* Hours.swift */,
				00C2DF0620B677040023CF75 /* User.swift */,
				BF0943E120BBF3EE00214200 /* ChatMessage.swift */,
			);
			path = Models;
			sourceTree = "<group>";
		};
		2A94477A2055F50B0033B6C6 /* Views */ = {
			isa = PBXGroup;
			children = (
				2A03D94420B779EB004EFC97 /* CollectionViewCells */,
				2A94477E2055F6290033B6C6 /* Menu */,
				2A94477D2055F60F0033B6C6 /* Top Bar */,
				7794996F203BD10400F3B0ED /* AllergyFilterButton.swift */,
				2AD1509220BB2C770043B9C8 /* AllergensBarContentView.swift */,
				2A94477F2055FA3E0033B6C6 /* AllergensBarScrollView.swift */,
				2A16F9A620BEA204008BA4E3 /* ComingSoonPopup.swift */,
				2A16F9A420BEA107008BA4E3 /* ComingSoonPopup.xib */,
			);
			path = Views;
			sourceTree = "<group>";
		};
		2A94477B2055F5570033B6C6 /* View Controllers */ = {
			isa = PBXGroup;
			children = (
				2AFA40B320BC07BC0007FB85 /* MatchingViewControllers */,
				2A03D94020B76B88004EFC97 /* PopupViewControllers */,
				BF0523E2209AA7E00013EE11 /* ProfileViewController.swift */,
				BF0523E0209AA7DB0013EE11 /* PreferenceViewController.swift */,
				770251B5201D4079002E4515 /* MenuVC.swift */,
				2AFB41322047DD86004025F9 /* ItemDetailViewController.swift */,
				BDDE7C6F207B04590008A677 /* MatchingListViewController.swift */,
				BFE168A2209AB8DD00D021A2 /* CollectionViewController.swift */,
				BDDE7C6D207AF6840008A677 /* LoginViewController.swift */,
				DCF0E2DF20B2608B0036A32F /* CreateProfileViewController.swift */,
				DCF0E2E120B260A90036A32F /* CreateProfilePt2ViewController.swift */,
				DCF0E2E320B260BA0036A32F /* SignUpViewController.swift */,
				DCF0E2E520B260CC0036A32F /* SignInViewController.swift */,
				2A03D94720B7AFA7004EFC97 /* HomeProfileStaticTableViewController.swift */,
				BF5D97E320B974F60086D451 /* ChatListViewController.swift */,
				BF0943DF20BBF1EB00214200 /* ChatScreenViewController.swift */,
				BD7870A721B6854900E46A50 /* AutoLoginViewController.swift */,
				0032C5D42272BC1900841169 /* ChatDetailsViewController.swift */,
			);
			path = "View Controllers";
			sourceTree = "<group>";
		};
		2A94477C2055F5860033B6C6 /* Supporting Files */ = {
			isa = PBXGroup;
			children = (
				BD78709821AD352100E46A50 /* UserDefaultsManager.swift */,
				2A16F9A820C0B8CB008BA4E3 /* TimeFunctions.swift */,
				77949971203BD12B00F3B0ED /* Extensions.swift */,
				770251B3201D4079002E4515 /* AppDelegate.swift */,
				770251BC201D4079002E4515 /* Assets.xcassets */,
				770251BE201D4079002E4515 /* LaunchScreen.storyboard */,
				BD7870A521B6793A00E46A50 /* PresentAlert.swift */,
				BD95987C226E6A60000934BF /* LoginAlertPresentable.swift */,
			);
			path = "Supporting Files";
			sourceTree = "<group>";
		};
		2A94477D2055F60F0033B6C6 /* Top Bar */ = {
			isa = PBXGroup;
			children = (
				C0AD0D33204B4EA9008E1206 /* TopBar.swift */,
				770CDEAD20266B0800658925 /* ColoredCircle.swift */,
				C0CD676B203C1B19006B265D /* ColoredBezel.swift */,
				2B952C66202BDBB200F27727 /* WeekView.swift */,
				C0CD6769203C15CC006B265D /* TimeView.swift */,
			);
			path = "Top Bar";
			sourceTree = "<group>";
		};
		2A94477E2055F6290033B6C6 /* Menu */ = {
			isa = PBXGroup;
			children = (
				2AFB41362047F0F2004025F9 /* MenuCardCollectionViewCell.swift */,
				2A744896203BBEDA00793AD3 /* MenuCardView.xib */,
				2A744894203BBDBC00793AD3 /* MenuCardView.swift */,
				770CDEAF20266B6000658925 /* ActivityLevelBar.swift */,
			);
			path = Menu;
			sourceTree = "<group>";
		};
		2AB62E6A204888760013CB59 /* Network */ = {
			isa = PBXGroup;
			children = (
				BDAED25C219FD598005A22F3 /* UserManager.swift */,
				2AB62E6B20488A050013CB59 /* MenuAPI.swift */,
				2AB62E6D2048D16B0013CB59 /* API.swift */,
				00C2DF0820B678890023CF75 /* Moya.swift */,
				00C2DF0A20B678A00023CF75 /* UserAPI.swift */,
				BF0943E320BBFEEF00214200 /* ChatAPI.swift */,
				BFC934B220C3448A0040D08D /* ChatListAPI.swift */,
			);
			path = Network;
			sourceTree = "<group>";
		};
		2AFA409520BBD7A00007FB85 /* NotificationService */ = {
			isa = PBXGroup;
			children = (
				2AFA409620BBD7A00007FB85 /* NotificationService.swift */,
				2AFA409820BBD7A00007FB85 /* Info.plist */,
			);
			path = NotificationService;
			sourceTree = "<group>";
		};
		2AFA40B320BC07BC0007FB85 /* MatchingViewControllers */ = {
			isa = PBXGroup;
			children = (
				2AFA40AC20BC07AD0007FB85 /* CancelMatchViewController.swift */,
				2AFA40AD20BC07AD0007FB85 /* MatchFoundViewController.swift */,
				2AFA40AB20BC07AD0007FB85 /* NoMatchViewController.swift */,
				2AFA40AE20BC07AD0007FB85 /* SearchingScreenViewController.swift */,
			);
			name = MatchingViewControllers;
			path = "New Group";
			sourceTree = "<group>";
		};
		770251A7201D4079002E4515 = {
			isa = PBXGroup;
			children = (
				770251B2201D4079002E4515 /* Bruin Bite */,
				2AFA409520BBD7A00007FB85 /* NotificationService */,
				770251B1201D4079002E4515 /* Products */,
				1C5B3B524C187B41721DC5CD /* Pods */,
				898B4B92943EFC7BAF49F286 /* Frameworks */,
			);
			sourceTree = "<group>";
		};
		770251B1201D4079002E4515 /* Products */ = {
			isa = PBXGroup;
			children = (
				770251B0201D4079002E4515 /* Bruin Bite.app */,
				2AFA409420BBD7A00007FB85 /* NotificationService.appex */,
			);
			name = Products;
			sourceTree = "<group>";
		};
		770251B2201D4079002E4515 /* Bruin Bite */ = {
			isa = PBXGroup;
			children = (
				BD39281F215C3626007FD4AD /* Helpers */,
				BF41FB5F20BC2F390010306E /* Storyboards */,
				2A94477B2055F5570033B6C6 /* View Controllers */,
				2A94477A2055F50B0033B6C6 /* Views */,
				2A744891203B8E9F00793AD3 /* Models */,
				2AB62E6A204888760013CB59 /* Network */,
				BDDE7C73207B04F80008A677 /* UserList */,
				770251E3201D4182002E4515 /* Moya_Service.swift */,
				770251C1201D4079002E4515 /* Info.plist */,
				DCF0E2DA20B260300036A32F /* Extensions */,
				2A94477C2055F5860033B6C6 /* Supporting Files */,
				00C2DF1020B6790D0023CF75 /* keys.swift */,
			);
			path = "Bruin Bite";
			sourceTree = "<group>";
		};
		898B4B92943EFC7BAF49F286 /* Frameworks */ = {
			isa = PBXGroup;
			children = (
				D31D0C9107AF44D73AA341C1 /* Pods_Bruin_Bite.framework */,
			);
			name = Frameworks;
			sourceTree = "<group>";
		};
		BD39281F215C3626007FD4AD /* Helpers */ = {
			isa = PBXGroup;
			children = (
				BD392820215C3638007FD4AD /* BBStoryboard.swift */,
				FCA7A0F52190E0030096E821 /* Utilities.swift */,
			);
			path = Helpers;
			sourceTree = "<group>";
		};
		BDDE7C73207B04F80008A677 /* UserList */ = {
			isa = PBXGroup;
			children = (
				BDDE7C71207B04D00008A677 /* UserTableViewCell.swift */,
			);
			path = UserList;
			sourceTree = "<group>";
		};
		BF41FB5F20BC2F390010306E /* Storyboards */ = {
			isa = PBXGroup;
			children = (
				2A62E49220BC99D2008075B0 /* Menu.storyboard */,
				2AFA40B420BC08200007FB85 /* Matching.storyboard */,
				770251B9201D4079002E4515 /* Main.storyboard */,
				FCA7A0E0218795370096E821 /* Login.storyboard */,
				DC5FC98220B788C400DFCCC7 /* Profile.storyboard */,
				BF5D97E120B973570086D451 /* Chat.storyboard */,
				2A03D94220B76C91004EFC97 /* PopupViewControllers.storyboard */,
			);
			path = Storyboards;
			sourceTree = "<group>";
		};
		DCF0E2DA20B260300036A32F /* Extensions */ = {
			isa = PBXGroup;
			children = (
				DCF0E2DB20B260510036A32F /* UIColor+Additions.swift */,
				DCF0E2DD20B260680036A32F /* UIFont+Additions.swift */,
				002244DB20B8C53000CBD1C2 /* StringExtensions.swift */,
				2A68339120BC2113000DCAA4 /* UIButtonSignUp.swift */,
				BF0943E520BC20FE00214200 /* UIViewControllerExtensions.swift */,
				C7F96FCA50FBF094C1704FD1 /* UIViewBorder.swift */,
				00C207F6221BB422003965FE /* Date+Extension.swift */,
			);
			path = Extensions;
			sourceTree = "<group>";
		};
/* End PBXGroup section */

/* Begin PBXNativeTarget section */
		2AFA409320BBD7A00007FB85 /* NotificationService */ = {
			isa = PBXNativeTarget;
			buildConfigurationList = 2AFA409E20BBD7A00007FB85 /* Build configuration list for PBXNativeTarget "NotificationService" */;
			buildPhases = (
				2AFA409020BBD7A00007FB85 /* Sources */,
				2AFA409120BBD7A00007FB85 /* Frameworks */,
				2AFA409220BBD7A00007FB85 /* Resources */,
			);
			buildRules = (
			);
			dependencies = (
			);
			name = NotificationService;
			productName = NotificationService;
			productReference = 2AFA409420BBD7A00007FB85 /* NotificationService.appex */;
			productType = "com.apple.product-type.app-extension";
		};
		770251AF201D4079002E4515 /* Bruin Bite */ = {
			isa = PBXNativeTarget;
			buildConfigurationList = 770251DA201D4079002E4515 /* Build configuration list for PBXNativeTarget "Bruin Bite" */;
			buildPhases = (
				9DB29EBED83346BDBACE0D17 /* [CP] Check Pods Manifest.lock */,
				770251AC201D4079002E4515 /* Sources */,
				770251AD201D4079002E4515 /* Frameworks */,
				770251AE201D4079002E4515 /* Resources */,
				D601296F579F59F8E568D410 /* [CP] Embed Pods Frameworks */,
				2AFA409F20BBD7A00007FB85 /* Embed App Extensions */,
				0F0963238FAF47DCE06CAE9A /* [CP] Copy Pods Resources */,
			);
			buildRules = (
			);
			dependencies = (
				2AFA409A20BBD7A00007FB85 /* PBXTargetDependency */,
			);
			name = "Bruin Bite";
			productName = "Dont Eat Alone";
			productReference = 770251B0201D4079002E4515 /* Bruin Bite.app */;
			productType = "com.apple.product-type.application";
		};
/* End PBXNativeTarget section */

/* Begin PBXProject section */
		770251A8201D4079002E4515 /* Project object */ = {
			isa = PBXProject;
			attributes = {
				LastSwiftUpdateCheck = 0930;
				LastUpgradeCheck = 0920;
				ORGANIZATIONNAME = "Dont Eat Alone";
				TargetAttributes = {
					2AFA409320BBD7A00007FB85 = {
						CreatedOnToolsVersion = 9.3.1;
						ProvisioningStyle = Automatic;
					};
					770251AF201D4079002E4515 = {
						CreatedOnToolsVersion = 9.2;
						ProvisioningStyle = Automatic;
						SystemCapabilities = {
							com.apple.Push = {
								enabled = 1;
							};
						};
					};
				};
			};
			buildConfigurationList = 770251AB201D4079002E4515 /* Build configuration list for PBXProject "Bruin Bite" */;
			compatibilityVersion = "Xcode 8.0";
			developmentRegion = en;
			hasScannedForEncodings = 0;
			knownRegions = (
				en,
				Base,
			);
			mainGroup = 770251A7201D4079002E4515;
			productRefGroup = 770251B1201D4079002E4515 /* Products */;
			projectDirPath = "";
			projectRoot = "";
			targets = (
				770251AF201D4079002E4515 /* Bruin Bite */,
				2AFA409320BBD7A00007FB85 /* NotificationService */,
			);
		};
/* End PBXProject section */

/* Begin PBXResourcesBuildPhase section */
		2AFA409220BBD7A00007FB85 /* Resources */ = {
			isa = PBXResourcesBuildPhase;
			buildActionMask = 2147483647;
			files = (
			);
			runOnlyForDeploymentPostprocessing = 0;
		};
		770251AE201D4079002E4515 /* Resources */ = {
			isa = PBXResourcesBuildPhase;
			buildActionMask = 2147483647;
			files = (
				BF5D97E220B973570086D451 /* Chat.storyboard in Resources */,
				2A744897203BBEDA00793AD3 /* MenuCardView.xib in Resources */,
				2A03D94320B76C92004EFC97 /* PopupViewControllers.storyboard in Resources */,
				2A62E49320BC99D2008075B0 /* Menu.storyboard in Resources */,
				FCA7A0E1218795370096E821 /* Login.storyboard in Resources */,
				2A16F9A520BEA107008BA4E3 /* ComingSoonPopup.xib in Resources */,
				770251C0201D4079002E4515 /* LaunchScreen.storyboard in Resources */,
				DC5FC98420B788C400DFCCC7 /* Profile.storyboard in Resources */,
				2AFA40B520BC08200007FB85 /* Matching.storyboard in Resources */,
				770251BD201D4079002E4515 /* Assets.xcassets in Resources */,
				770251BB201D4079002E4515 /* Main.storyboard in Resources */,
			);
			runOnlyForDeploymentPostprocessing = 0;
		};
/* End PBXResourcesBuildPhase section */

/* Begin PBXShellScriptBuildPhase section */
		0F0963238FAF47DCE06CAE9A /* [CP] Copy Pods Resources */ = {
			isa = PBXShellScriptBuildPhase;
			buildActionMask = 2147483647;
			files = (
			);
			inputPaths = (
			);
			name = "[CP] Copy Pods Resources";
			outputPaths = (
			);
			runOnlyForDeploymentPostprocessing = 0;
			shellPath = /bin/sh;
			shellScript = "\"${SRCROOT}/Pods/Target Support Files/Pods-Bruin Bite/Pods-Bruin Bite-resources.sh\"\n";
			showEnvVarsInLog = 0;
		};
		9DB29EBED83346BDBACE0D17 /* [CP] Check Pods Manifest.lock */ = {
			isa = PBXShellScriptBuildPhase;
			buildActionMask = 2147483647;
			files = (
			);
			inputPaths = (
				"${PODS_PODFILE_DIR_PATH}/Podfile.lock",
				"${PODS_ROOT}/Manifest.lock",
			);
			name = "[CP] Check Pods Manifest.lock";
			outputPaths = (
				"$(DERIVED_FILE_DIR)/Pods-Bruin Bite-checkManifestLockResult.txt",
			);
			runOnlyForDeploymentPostprocessing = 0;
			shellPath = /bin/sh;
			shellScript = "diff \"${PODS_PODFILE_DIR_PATH}/Podfile.lock\" \"${PODS_ROOT}/Manifest.lock\" > /dev/null\nif [ $? != 0 ] ; then\n    # print error to STDERR\n    echo \"error: The sandbox is not in sync with the Podfile.lock. Run 'pod install' or update your CocoaPods installation.\" >&2\n    exit 1\nfi\n# This output is used by Xcode 'outputs' to avoid re-running this script phase.\necho \"SUCCESS\" > \"${SCRIPT_OUTPUT_FILE_0}\"\n";
			showEnvVarsInLog = 0;
		};
		D601296F579F59F8E568D410 /* [CP] Embed Pods Frameworks */ = {
			isa = PBXShellScriptBuildPhase;
			buildActionMask = 2147483647;
			files = (
			);
			inputPaths = (
				"${SRCROOT}/Pods/Target Support Files/Pods-Bruin Bite/Pods-Bruin Bite-frameworks.sh",
				"${BUILT_PRODUCTS_DIR}/Alamofire/Alamofire.framework",
				"${BUILT_PRODUCTS_DIR}/Bolts/Bolts.framework",
				"${BUILT_PRODUCTS_DIR}/CZPicker/CZPicker.framework",
				"${BUILT_PRODUCTS_DIR}/FBSDKCoreKit/FBSDKCoreKit.framework",
				"${BUILT_PRODUCTS_DIR}/FBSDKLoginKit/FBSDKLoginKit.framework",
				"${BUILT_PRODUCTS_DIR}/FacebookCore/FacebookCore.framework",
				"${BUILT_PRODUCTS_DIR}/FacebookLogin/FacebookLogin.framework",
				"${BUILT_PRODUCTS_DIR}/Moya/Moya.framework",
				"${BUILT_PRODUCTS_DIR}/Pulsator/Pulsator.framework",
				"${BUILT_PRODUCTS_DIR}/Repeat/Repeat.framework",
				"${BUILT_PRODUCTS_DIR}/Result/Result.framework",
				"${BUILT_PRODUCTS_DIR}/SnapKit/SnapKit.framework",
				"${BUILT_PRODUCTS_DIR}/Starscream/Starscream.framework",
				"${BUILT_PRODUCTS_DIR}/SwiftyJSON/SwiftyJSON.framework",
				"${BUILT_PRODUCTS_DIR}/ViewAnimator/ViewAnimator.framework",
			);
			name = "[CP] Embed Pods Frameworks";
			outputPaths = (
				"${TARGET_BUILD_DIR}/${FRAMEWORKS_FOLDER_PATH}/Alamofire.framework",
				"${TARGET_BUILD_DIR}/${FRAMEWORKS_FOLDER_PATH}/Bolts.framework",
				"${TARGET_BUILD_DIR}/${FRAMEWORKS_FOLDER_PATH}/CZPicker.framework",
				"${TARGET_BUILD_DIR}/${FRAMEWORKS_FOLDER_PATH}/FBSDKCoreKit.framework",
				"${TARGET_BUILD_DIR}/${FRAMEWORKS_FOLDER_PATH}/FBSDKLoginKit.framework",
				"${TARGET_BUILD_DIR}/${FRAMEWORKS_FOLDER_PATH}/FacebookCore.framework",
				"${TARGET_BUILD_DIR}/${FRAMEWORKS_FOLDER_PATH}/FacebookLogin.framework",
				"${TARGET_BUILD_DIR}/${FRAMEWORKS_FOLDER_PATH}/Moya.framework",
				"${TARGET_BUILD_DIR}/${FRAMEWORKS_FOLDER_PATH}/Pulsator.framework",
				"${TARGET_BUILD_DIR}/${FRAMEWORKS_FOLDER_PATH}/Repeat.framework",
				"${TARGET_BUILD_DIR}/${FRAMEWORKS_FOLDER_PATH}/Result.framework",
				"${TARGET_BUILD_DIR}/${FRAMEWORKS_FOLDER_PATH}/SnapKit.framework",
				"${TARGET_BUILD_DIR}/${FRAMEWORKS_FOLDER_PATH}/Starscream.framework",
				"${TARGET_BUILD_DIR}/${FRAMEWORKS_FOLDER_PATH}/SwiftyJSON.framework",
				"${TARGET_BUILD_DIR}/${FRAMEWORKS_FOLDER_PATH}/ViewAnimator.framework",
			);
			runOnlyForDeploymentPostprocessing = 0;
			shellPath = /bin/sh;
			shellScript = "\"${SRCROOT}/Pods/Target Support Files/Pods-Bruin Bite/Pods-Bruin Bite-frameworks.sh\"\n";
			showEnvVarsInLog = 0;
		};
/* End PBXShellScriptBuildPhase section */

/* Begin PBXSourcesBuildPhase section */
		2AFA409020BBD7A00007FB85 /* Sources */ = {
			isa = PBXSourcesBuildPhase;
			buildActionMask = 2147483647;
			files = (
				2AFA409720BBD7A00007FB85 /* NotificationService.swift in Sources */,
			);
			runOnlyForDeploymentPostprocessing = 0;
		};
		770251AC201D4079002E4515 /* Sources */ = {
			isa = PBXSourcesBuildPhase;
			buildActionMask = 2147483647;
			files = (
				DCF0E2E020B2608B0036A32F /* CreateProfileViewController.swift in Sources */,
				2A03D93E20B76529004EFC97 /* TimePickerViewController.swift in Sources */,
				DCF0E2E220B260A90036A32F /* CreateProfilePt2ViewController.swift in Sources */,
				BF0943E220BBF3EE00214200 /* ChatMessage.swift in Sources */,
				BD78709921AD352100E46A50 /* UserDefaultsManager.swift in Sources */,
				BDDE7C6E207AF6840008A677 /* LoginViewController.swift in Sources */,
				00C207F7221BB422003965FE /* Date+Extension.swift in Sources */,
				00C2DF0B20B678A00023CF75 /* UserAPI.swift in Sources */,
				BDDE7C72207B04D00008A677 /* UserTableViewCell.swift in Sources */,
				C0CD676C203C1B19006B265D /* ColoredBezel.swift in Sources */,
				BD7870A821B6854900E46A50 /* AutoLoginViewController.swift in Sources */,
				770251B4201D4079002E4515 /* AppDelegate.swift in Sources */,
				2AFB41332047DD86004025F9 /* ItemDetailViewController.swift in Sources */,
				2A68339220BC2113000DCAA4 /* UIButtonSignUp.swift in Sources */,
				BF0523E3209AA7E00013EE11 /* ProfileViewController.swift in Sources */,
				2AFB41372047F0F2004025F9 /* MenuCardCollectionViewCell.swift in Sources */,
				2A16F9A720BEA204008BA4E3 /* ComingSoonPopup.swift in Sources */,
				770CDEAE20266B0800658925 /* ColoredCircle.swift in Sources */,
				2AB62E702048D21D0013CB59 /* ActivityLevel.swift in Sources */,
				2AFA40B120BC07AD0007FB85 /* MatchFoundViewController.swift in Sources */,
				2AFA40AF20BC07AD0007FB85 /* NoMatchViewController.swift in Sources */,
				BDAED25D219FD598005A22F3 /* UserManager.swift in Sources */,
				FCA7A0F62190E0040096E821 /* Utilities.swift in Sources */,
				BF0523E1209AA7DC0013EE11 /* PreferenceViewController.swift in Sources */,
				BF0943E620BC20FE00214200 /* UIViewControllerExtensions.swift in Sources */,
				DCF0E2DC20B260510036A32F /* UIColor+Additions.swift in Sources */,
				2AB62E6C20488A050013CB59 /* MenuAPI.swift in Sources */,
				2AB62E69204887820013CB59 /* Menu.swift in Sources */,
				BD95987D226E6A60000934BF /* LoginAlertPresentable.swift in Sources */,
				BDDE7C70207B04590008A677 /* MatchingListViewController.swift in Sources */,
				2AFA40B220BC07AD0007FB85 /* SearchingScreenViewController.swift in Sources */,
				BFE168A3209AB8DD00D021A2 /* CollectionViewController.swift in Sources */,
				BFC934B320C3448A0040D08D /* ChatListAPI.swift in Sources */,
				C0CD676A203C15CC006B265D /* TimeView.swift in Sources */,
				2B952C67202BDBB200F27727 /* WeekView.swift in Sources */,
				2A03D94620B77A1A004EFC97 /* TimePickerCollectionViewCell.swift in Sources */,
				2A9447802055FA3E0033B6C6 /* AllergensBarScrollView.swift in Sources */,
				DCF0E2E420B260BA0036A32F /* SignUpViewController.swift in Sources */,
				00C2DF1120B6790D0023CF75 /* keys.swift in Sources */,
				BD392821215C3638007FD4AD /* BBStoryboard.swift in Sources */,
				2AFA40B020BC07AD0007FB85 /* CancelMatchViewController.swift in Sources */,
				BF5D97E420B974F60086D451 /* ChatListViewController.swift in Sources */,
				DCF0E2DE20B260680036A32F /* UIFont+Additions.swift in Sources */,
				77949970203BD10500F3B0ED /* AllergyFilterButton.swift in Sources */,
				77949972203BD12B00F3B0ED /* Extensions.swift in Sources */,
				2A03D94820B7AFA7004EFC97 /* HomeProfileStaticTableViewController.swift in Sources */,
				770CDEB020266B6000658925 /* ActivityLevelBar.swift in Sources */,
				BD7870A621B6793A00E46A50 /* PresentAlert.swift in Sources */,
				DCF0E2E620B260CC0036A32F /* SignInViewController.swift in Sources */,
				C0AD0D34204B4EA9008E1206 /* TopBar.swift in Sources */,
				770251B6201D4079002E4515 /* MenuVC.swift in Sources */,
				00C2DF0720B677040023CF75 /* User.swift in Sources */,
				2AD1509320BB2C780043B9C8 /* AllergensBarContentView.swift in Sources */,
				2A16F9A920C0B8CC008BA4E3 /* TimeFunctions.swift in Sources */,
				0058244F20BA106E0044CB88 /* Hours.swift in Sources */,
				770251E4201D4182002E4515 /* Moya_Service.swift in Sources */,
				002244DC20B8C53000CBD1C2 /* StringExtensions.swift in Sources */,
				BF0943E020BBF1EB00214200 /* ChatScreenViewController.swift in Sources */,
				2AB62E6E2048D16B0013CB59 /* API.swift in Sources */,
				BF0943E420BBFEEF00214200 /* ChatAPI.swift in Sources */,
				00C2DF0920B678890023CF75 /* Moya.swift in Sources */,
				2A744895203BBDBC00793AD3 /* MenuCardView.swift in Sources */,
				C7F24355C1F5930CCD314312 /* UIViewBorder.swift in Sources */,
				BDAED25F219FD601005A22F3 /* UserModel.swift in Sources */,
				0032C5D52272BC1900841169 /* ChatDetailsViewController.swift in Sources */,
			);
			runOnlyForDeploymentPostprocessing = 0;
		};
/* End PBXSourcesBuildPhase section */

/* Begin PBXTargetDependency section */
		2AFA409A20BBD7A00007FB85 /* PBXTargetDependency */ = {
			isa = PBXTargetDependency;
			target = 2AFA409320BBD7A00007FB85 /* NotificationService */;
			targetProxy = 2AFA409920BBD7A00007FB85 /* PBXContainerItemProxy */;
		};
/* End PBXTargetDependency section */

/* Begin PBXVariantGroup section */
		770251B9201D4079002E4515 /* Main.storyboard */ = {
			isa = PBXVariantGroup;
			children = (
				770251BA201D4079002E4515 /* Base */,
			);
			name = Main.storyboard;
			sourceTree = "<group>";
		};
		770251BE201D4079002E4515 /* LaunchScreen.storyboard */ = {
			isa = PBXVariantGroup;
			children = (
				770251BF201D4079002E4515 /* Base */,
			);
			name = LaunchScreen.storyboard;
			sourceTree = "<group>";
		};
		DC5FC98220B788C400DFCCC7 /* Profile.storyboard */ = {
			isa = PBXVariantGroup;
			children = (
				DC5FC98320B788C400DFCCC7 /* Base */,
			);
			name = Profile.storyboard;
			sourceTree = "<group>";
		};
/* End PBXVariantGroup section */

/* Begin XCBuildConfiguration section */
		2AFA409C20BBD7A00007FB85 /* Debug */ = {
			isa = XCBuildConfiguration;
			buildSettings = {
				CLANG_ENABLE_OBJC_WEAK = YES;
				CLANG_WARN_DEPRECATED_OBJC_IMPLEMENTATIONS = YES;
				CLANG_WARN_OBJC_IMPLICIT_RETAIN_SELF = YES;
				CODE_SIGN_IDENTITY = "iPhone Developer";
				CODE_SIGN_STYLE = Automatic;
				DEVELOPMENT_TEAM = WK6JVXYJD2;
				INFOPLIST_FILE = NotificationService/Info.plist;
				IPHONEOS_DEPLOYMENT_TARGET = 11.0;
				LD_RUNPATH_SEARCH_PATHS = "$(inherited) @executable_path/Frameworks @executable_path/../../Frameworks";
				PRODUCT_BUNDLE_IDENTIFIER = com.bruinbite.app.NotificationService;
				PRODUCT_NAME = "$(TARGET_NAME)";
				PROVISIONING_PROFILE_SPECIFIER = "";
				SKIP_INSTALL = YES;
				SWIFT_VERSION = 4.0;
				TARGETED_DEVICE_FAMILY = 1;
			};
			name = Debug;
		};
		2AFA409D20BBD7A00007FB85 /* Release */ = {
			isa = XCBuildConfiguration;
			buildSettings = {
				CLANG_ENABLE_OBJC_WEAK = YES;
				CLANG_WARN_DEPRECATED_OBJC_IMPLEMENTATIONS = YES;
				CLANG_WARN_OBJC_IMPLICIT_RETAIN_SELF = YES;
				CODE_SIGN_IDENTITY = "iPhone Developer";
				CODE_SIGN_STYLE = Automatic;
				DEVELOPMENT_TEAM = WK6JVXYJD2;
				INFOPLIST_FILE = NotificationService/Info.plist;
				IPHONEOS_DEPLOYMENT_TARGET = 11.0;
				LD_RUNPATH_SEARCH_PATHS = "$(inherited) @executable_path/Frameworks @executable_path/../../Frameworks";
				PRODUCT_BUNDLE_IDENTIFIER = com.bruinbite.app.NotificationService;
				PRODUCT_NAME = "$(TARGET_NAME)";
				PROVISIONING_PROFILE_SPECIFIER = "";
				SKIP_INSTALL = YES;
				SWIFT_VERSION = 4.0;
				TARGETED_DEVICE_FAMILY = 1;
			};
			name = Release;
		};
		770251D8201D4079002E4515 /* Debug */ = {
			isa = XCBuildConfiguration;
			buildSettings = {
				ALWAYS_SEARCH_USER_PATHS = NO;
				CLANG_ANALYZER_NONNULL = YES;
				CLANG_ANALYZER_NUMBER_OBJECT_CONVERSION = YES_AGGRESSIVE;
				CLANG_CXX_LANGUAGE_STANDARD = "gnu++14";
				CLANG_CXX_LIBRARY = "libc++";
				CLANG_ENABLE_MODULES = YES;
				CLANG_ENABLE_OBJC_ARC = YES;
				CLANG_WARN_BLOCK_CAPTURE_AUTORELEASING = YES;
				CLANG_WARN_BOOL_CONVERSION = YES;
				CLANG_WARN_COMMA = YES;
				CLANG_WARN_CONSTANT_CONVERSION = YES;
				CLANG_WARN_DIRECT_OBJC_ISA_USAGE = YES_ERROR;
				CLANG_WARN_DOCUMENTATION_COMMENTS = YES;
				CLANG_WARN_EMPTY_BODY = YES;
				CLANG_WARN_ENUM_CONVERSION = YES;
				CLANG_WARN_INFINITE_RECURSION = YES;
				CLANG_WARN_INT_CONVERSION = YES;
				CLANG_WARN_NON_LITERAL_NULL_CONVERSION = YES;
				CLANG_WARN_OBJC_LITERAL_CONVERSION = YES;
				CLANG_WARN_OBJC_ROOT_CLASS = YES_ERROR;
				CLANG_WARN_RANGE_LOOP_ANALYSIS = YES;
				CLANG_WARN_STRICT_PROTOTYPES = YES;
				CLANG_WARN_SUSPICIOUS_MOVE = YES;
				CLANG_WARN_UNGUARDED_AVAILABILITY = YES_AGGRESSIVE;
				CLANG_WARN_UNREACHABLE_CODE = YES;
				CLANG_WARN__DUPLICATE_METHOD_MATCH = YES;
				CODE_SIGN_IDENTITY = "iPhone Developer";
				COPY_PHASE_STRIP = NO;
				DEBUG_INFORMATION_FORMAT = dwarf;
				ENABLE_STRICT_OBJC_MSGSEND = YES;
				ENABLE_TESTABILITY = YES;
				GCC_C_LANGUAGE_STANDARD = gnu11;
				GCC_DYNAMIC_NO_PIC = NO;
				GCC_NO_COMMON_BLOCKS = YES;
				GCC_OPTIMIZATION_LEVEL = 0;
				GCC_PREPROCESSOR_DEFINITIONS = (
					"DEBUG=1",
					"$(inherited)",
				);
				GCC_WARN_64_TO_32_BIT_CONVERSION = YES;
				GCC_WARN_ABOUT_RETURN_TYPE = YES_ERROR;
				GCC_WARN_UNDECLARED_SELECTOR = YES;
				GCC_WARN_UNINITIALIZED_AUTOS = YES_AGGRESSIVE;
				GCC_WARN_UNUSED_FUNCTION = YES;
				GCC_WARN_UNUSED_VARIABLE = YES;
				IPHONEOS_DEPLOYMENT_TARGET = 11.0;
				MTL_ENABLE_DEBUG_INFO = YES;
				ONLY_ACTIVE_ARCH = YES;
				SDKROOT = iphoneos;
				SWIFT_ACTIVE_COMPILATION_CONDITIONS = DEBUG;
				SWIFT_OPTIMIZATION_LEVEL = "-Onone";
				SWIFT_VERSION = 4.0;
			};
			name = Debug;
		};
		770251D9201D4079002E4515 /* Release */ = {
			isa = XCBuildConfiguration;
			buildSettings = {
				ALWAYS_SEARCH_USER_PATHS = NO;
				CLANG_ANALYZER_NONNULL = YES;
				CLANG_ANALYZER_NUMBER_OBJECT_CONVERSION = YES_AGGRESSIVE;
				CLANG_CXX_LANGUAGE_STANDARD = "gnu++14";
				CLANG_CXX_LIBRARY = "libc++";
				CLANG_ENABLE_MODULES = YES;
				CLANG_ENABLE_OBJC_ARC = YES;
				CLANG_WARN_BLOCK_CAPTURE_AUTORELEASING = YES;
				CLANG_WARN_BOOL_CONVERSION = YES;
				CLANG_WARN_COMMA = YES;
				CLANG_WARN_CONSTANT_CONVERSION = YES;
				CLANG_WARN_DIRECT_OBJC_ISA_USAGE = YES_ERROR;
				CLANG_WARN_DOCUMENTATION_COMMENTS = YES;
				CLANG_WARN_EMPTY_BODY = YES;
				CLANG_WARN_ENUM_CONVERSION = YES;
				CLANG_WARN_INFINITE_RECURSION = YES;
				CLANG_WARN_INT_CONVERSION = YES;
				CLANG_WARN_NON_LITERAL_NULL_CONVERSION = YES;
				CLANG_WARN_OBJC_LITERAL_CONVERSION = YES;
				CLANG_WARN_OBJC_ROOT_CLASS = YES_ERROR;
				CLANG_WARN_RANGE_LOOP_ANALYSIS = YES;
				CLANG_WARN_STRICT_PROTOTYPES = YES;
				CLANG_WARN_SUSPICIOUS_MOVE = YES;
				CLANG_WARN_UNGUARDED_AVAILABILITY = YES_AGGRESSIVE;
				CLANG_WARN_UNREACHABLE_CODE = YES;
				CLANG_WARN__DUPLICATE_METHOD_MATCH = YES;
				CODE_SIGN_IDENTITY = "iPhone Developer";
				COPY_PHASE_STRIP = NO;
				DEBUG_INFORMATION_FORMAT = "dwarf-with-dsym";
				ENABLE_NS_ASSERTIONS = NO;
				ENABLE_STRICT_OBJC_MSGSEND = YES;
				GCC_C_LANGUAGE_STANDARD = gnu11;
				GCC_NO_COMMON_BLOCKS = YES;
				GCC_WARN_64_TO_32_BIT_CONVERSION = YES;
				GCC_WARN_ABOUT_RETURN_TYPE = YES_ERROR;
				GCC_WARN_UNDECLARED_SELECTOR = YES;
				GCC_WARN_UNINITIALIZED_AUTOS = YES_AGGRESSIVE;
				GCC_WARN_UNUSED_FUNCTION = YES;
				GCC_WARN_UNUSED_VARIABLE = YES;
				IPHONEOS_DEPLOYMENT_TARGET = 11.0;
				MTL_ENABLE_DEBUG_INFO = NO;
				SDKROOT = iphoneos;
				SWIFT_OPTIMIZATION_LEVEL = "-Owholemodule";
				SWIFT_VERSION = 4.0;
				VALIDATE_PRODUCT = YES;
			};
			name = Release;
		};
		770251DB201D4079002E4515 /* Debug */ = {
			isa = XCBuildConfiguration;
			baseConfigurationReference = FDC82735AAF52033CD40ACDF /* Pods-Bruin Bite.debug.xcconfig */;
			buildSettings = {
				ALWAYS_EMBED_SWIFT_STANDARD_LIBRARIES = YES;
				ASSETCATALOG_COMPILER_APPICON_NAME = AppIcon;
				CODE_SIGN_ENTITLEMENTS = "Bruin Bite/Bruin Bite.entitlements";
				CODE_SIGN_IDENTITY = "iPhone Developer";
				CODE_SIGN_STYLE = Automatic;
				DEVELOPMENT_TEAM = WK6JVXYJD2;
				INFOPLIST_FILE = "Bruin Bite/Info.plist";
				IPHONEOS_DEPLOYMENT_TARGET = 11.0;
				LD_RUNPATH_SEARCH_PATHS = "$(inherited) @executable_path/Frameworks";
				PRODUCT_BUNDLE_IDENTIFIER = com.bruinbite.app;
				PRODUCT_NAME = "$(TARGET_NAME)";
				PROVISIONING_PROFILE_SPECIFIER = "";
				SWIFT_VERSION = 4.0;
				TARGETED_DEVICE_FAMILY = 1;
			};
			name = Debug;
		};
		770251DC201D4079002E4515 /* Release */ = {
			isa = XCBuildConfiguration;
			baseConfigurationReference = 5501BD2F8F60C3BBB00E20F6 /* Pods-Bruin Bite.release.xcconfig */;
			buildSettings = {
				ALWAYS_EMBED_SWIFT_STANDARD_LIBRARIES = YES;
				ASSETCATALOG_COMPILER_APPICON_NAME = AppIcon;
				CODE_SIGN_ENTITLEMENTS = "Bruin Bite/Bruin Bite.entitlements";
				CODE_SIGN_IDENTITY = "iPhone Developer";
				CODE_SIGN_STYLE = Automatic;
				DEVELOPMENT_TEAM = WK6JVXYJD2;
				INFOPLIST_FILE = "Bruin Bite/Info.plist";
				IPHONEOS_DEPLOYMENT_TARGET = 11.0;
				LD_RUNPATH_SEARCH_PATHS = "$(inherited) @executable_path/Frameworks";
				PRODUCT_BUNDLE_IDENTIFIER = com.bruinbite.app;
				PRODUCT_NAME = "$(TARGET_NAME)";
				PROVISIONING_PROFILE_SPECIFIER = "";
				SWIFT_VERSION = 4.0;
				TARGETED_DEVICE_FAMILY = 1;
			};
			name = Release;
		};
/* End XCBuildConfiguration section */

/* Begin XCConfigurationList section */
		2AFA409E20BBD7A00007FB85 /* Build configuration list for PBXNativeTarget "NotificationService" */ = {
			isa = XCConfigurationList;
			buildConfigurations = (
				2AFA409C20BBD7A00007FB85 /* Debug */,
				2AFA409D20BBD7A00007FB85 /* Release */,
			);
			defaultConfigurationIsVisible = 0;
			defaultConfigurationName = Release;
		};
		770251AB201D4079002E4515 /* Build configuration list for PBXProject "Bruin Bite" */ = {
			isa = XCConfigurationList;
			buildConfigurations = (
				770251D8201D4079002E4515 /* Debug */,
				770251D9201D4079002E4515 /* Release */,
			);
			defaultConfigurationIsVisible = 0;
			defaultConfigurationName = Release;
		};
		770251DA201D4079002E4515 /* Build configuration list for PBXNativeTarget "Bruin Bite" */ = {
			isa = XCConfigurationList;
			buildConfigurations = (
				770251DB201D4079002E4515 /* Debug */,
				770251DC201D4079002E4515 /* Release */,
			);
			defaultConfigurationIsVisible = 0;
			defaultConfigurationName = Release;
		};
/* End XCConfigurationList section */
	};
	rootObject = 770251A8201D4079002E4515 /* Project object */;
}
